<?xml version="1.0" encoding="utf-8"?>
<Project ToolsVersion="4.0" xmlns="http://schemas.microsoft.com/developer/msbuild/2003">
  <ItemGroup>
    <Filter Include="Header Files">
      <UniqueIdentifier>{93995380-89BD-4b04-88EB-625FBE52EBFB}</UniqueIdentifier>
      <Extensions>h;hpp;hxx;hm;inl;inc;xsd</Extensions>
    </Filter>
    <Filter Include="Header Files\client">
      <UniqueIdentifier>{0321aca8-87c4-4bd2-a163-9727bff6e761}</UniqueIdentifier>
    </Filter>
    <Filter Include="Header Files\game">
      <UniqueIdentifier>{1480a592-581c-454c-bd13-2cd228550ca6}</UniqueIdentifier>
    </Filter>
    <Filter Include="Header Files\oskrevol">
      <UniqueIdentifier>{8ab4326a-03f6-4346-9d2d-50e6876e39c2}</UniqueIdentifier>
    </Filter>
    <Filter Include="Header Files\qcommon">
      <UniqueIdentifier>{3a1ddae6-78f8-451a-80e5-20e37d8b7f3b}</UniqueIdentifier>
    </Filter>
    <Filter Include="Header Files\server">
      <UniqueIdentifier>{5b07fa2c-fe03-4d53-902f-8c251563f338}</UniqueIdentifier>
    </Filter>
    <Filter Include="Resource Files">
      <UniqueIdentifier>{67DA6AB6-F800-4c08-8B7A-83BB121AAD01}</UniqueIdentifier>
      <Extensions>rc;ico;cur;bmp;dlg;rc2;rct;bin;rgs;gif;jpg;jpeg;jpe;resx;tiff;tif;png;wav</Extensions>
    </Filter>
    <Filter Include="Source Files">
      <UniqueIdentifier>{4FC737F1-C7A5-4376-A066-2A32D752A2FF}</UniqueIdentifier>
      <Extensions>cpp;c;cc;cxx;def;odl;idl;hpj;bat;asm;asmx</Extensions>
    </Filter>
    <Filter Include="Source Files\client">
      <UniqueIdentifier>{69db9708-31b6-4518-8105-c4dbef7f5e5d}</UniqueIdentifier>
    </Filter>
    <Filter Include="Source Files\game">
      <UniqueIdentifier>{cbb1692c-6c51-499f-939c-abaddcdfabaa}</UniqueIdentifier>
    </Filter>
    <Filter Include="Source Files\oskrevol">
      <UniqueIdentifier>{28817397-9e62-403b-bb50-e2cfe0bf4cf4}</UniqueIdentifier>
    </Filter>
    <Filter Include="Source Files\qcommon">
      <UniqueIdentifier>{a62b92f2-b15f-49c4-a893-20ac16fe551d}</UniqueIdentifier>
    </Filter>
    <Filter Include="Source Files\revol">
      <UniqueIdentifier>{19f75ff7-872d-433f-a58e-9e88ff5f013c}</UniqueIdentifier>
    </Filter>
    <Filter Include="Source Files\server">
      <UniqueIdentifier>{f1c268bf-9d37-4623-aae9-5de9383ab3e5}</UniqueIdentifier>
    </Filter>
    <Filter Include="Source Files\oggplayer">
      <UniqueIdentifier>{1603fbff-3de8-4490-ba26-05a7938cb92e}</UniqueIdentifier>
    </Filter>
    <Filter Include="Header Files\oggplayer">
      <UniqueIdentifier>{863ae5c9-d90c-4e9c-a39c-541a4b5a83d0}</UniqueIdentifier>
    </Filter>
    <Filter Include="Header Files\ref_gx">
      <UniqueIdentifier>{5427f42d-c8d1-488c-b1c5-670c0c20fcfb}</UniqueIdentifier>
    </Filter>
    <Filter Include="Header Files\ref_gx\GL">
      <UniqueIdentifier>{b4a6be73-ba24-425e-983d-528b540a847e}</UniqueIdentifier>
    </Filter>
    <Filter Include="Source Files\ref_gx">
      <UniqueIdentifier>{a66a1559-b47f-4b34-b631-d9c011673fdf}</UniqueIdentifier>
    </Filter>
    <Filter Include="Header Files\gxutils">
      <UniqueIdentifier>{a095616f-d6d0-49a5-9897-625e6d37cbe0}</UniqueIdentifier>
    </Filter>
    <Filter Include="Source Files\gxutils">
      <UniqueIdentifier>{75b628ea-548e-4cfe-8d2e-3a5d1a401f7b}</UniqueIdentifier>
    </Filter>
  </ItemGroup>
  <ItemGroup>
    <ClCompile Include="..\..\..\source\oskrevol\source\osk_revol.c">
      <Filter>Source Files\oskrevol</Filter>
    </ClCompile>
    <ClCompile Include="..\..\..\source\quake2\quake2-3.21\game\q_shared.c">
      <Filter>Source Files\game</Filter>
    </ClCompile>
    <ClCompile Include="..\..\..\source\quake2\quake2-3.21\revol\cd_revol.c">
      <Filter>Source Files\revol</Filter>
    </ClCompile>
    <ClCompile Include="..\..\..\source\quake2\quake2-3.21\revol\glimp_revol.c">
      <Filter>Source Files\revol</Filter>
    </ClCompile>
    <ClCompile Include="..\..\..\source\quake2\quake2-3.21\revol\in_revol.c">
      <Filter>Source Files\revol</Filter>
    </ClCompile>
    <ClCompile Include="..\..\..\source\quake2\quake2-3.21\revol\net_udp.c">
      <Filter>Source Files\revol</Filter>
    </ClCompile>
    <ClCompile Include="..\..\..\source\quake2\quake2-3.21\revol\qgl_revol.c">
      <Filter>Source Files\revol</Filter>
    </ClCompile>
    <ClCompile Include="..\..\..\source\quake2\quake2-3.21\revol\snddma_revol.c">
      <Filter>Source Files\revol</Filter>
    </ClCompile>
    <ClCompile Include="..\..\..\source\quake2\quake2-3.21\revol\swimp_revol.c">
      <Filter>Source Files\revol</Filter>
    </ClCompile>
    <ClCompile Include="..\..\..\source\quake2\quake2-3.21\revol\sys_revol.c">
      <Filter>Source Files\revol</Filter>
    </ClCompile>
    <ClCompile Include="..\..\..\source\quake2\quake2-3.21\qcommon\cmd.c">
      <Filter>Source Files\qcommon</Filter>
    </ClCompile>
    <ClCompile Include="..\..\..\source\quake2\quake2-3.21\qcommon\cmodel.c">
      <Filter>Source Files\qcommon</Filter>
    </ClCompile>
    <ClCompile Include="..\..\..\source\quake2\quake2-3.21\qcommon\common.c">
      <Filter>Source Files\qcommon</Filter>
    </ClCompile>
    <ClCompile Include="..\..\..\source\quake2\quake2-3.21\qcommon\crc.c">
      <Filter>Source Files\qcommon</Filter>
    </ClCompile>
    <ClCompile Include="..\..\..\source\quake2\quake2-3.21\qcommon\cvar.c">
      <Filter>Source Files\qcommon</Filter>
    </ClCompile>
    <ClCompile Include="..\..\..\source\quake2\quake2-3.21\qcommon\files.c">
      <Filter>Source Files\qcommon</Filter>
    </ClCompile>
    <ClCompile Include="..\..\..\source\quake2\quake2-3.21\qcommon\md4.c">
      <Filter>Source Files\qcommon</Filter>
    </ClCompile>
    <ClCompile Include="..\..\..\source\quake2\quake2-3.21\qcommon\net_chan.c">
      <Filter>Source Files\qcommon</Filter>
    </ClCompile>
    <ClCompile Include="..\..\..\source\quake2\quake2-3.21\qcommon\pmove.c">
      <Filter>Source Files\qcommon</Filter>
    </ClCompile>
    <ClCompile Include="..\..\..\source\quake2\quake2-3.21\game\g_ai.c">
      <Filter>Source Files\game</Filter>
    </ClCompile>
    <ClCompile Include="..\..\..\source\quake2\quake2-3.21\game\g_chase.c">
      <Filter>Source Files\game</Filter>
    </ClCompile>
    <ClCompile Include="..\..\..\source\quake2\quake2-3.21\game\g_cmds.c">
      <Filter>Source Files\game</Filter>
    </ClCompile>
    <ClCompile Include="..\..\..\source\quake2\quake2-3.21\game\g_combat.c">
      <Filter>Source Files\game</Filter>
    </ClCompile>
    <ClCompile Include="..\..\..\source\quake2\quake2-3.21\game\g_func.c">
      <Filter>Source Files\game</Filter>
    </ClCompile>
    <ClCompile Include="..\..\..\source\quake2\quake2-3.21\game\g_items.c">
      <Filter>Source Files\game</Filter>
    </ClCompile>
    <ClCompile Include="..\..\..\source\quake2\quake2-3.21\game\g_main.c">
      <Filter>Source Files\game</Filter>
    </ClCompile>
    <ClCompile Include="..\..\..\source\quake2\quake2-3.21\game\g_misc.c">
      <Filter>Source Files\game</Filter>
    </ClCompile>
    <ClCompile Include="..\..\..\source\quake2\quake2-3.21\game\g_monster.c">
      <Filter>Source Files\game</Filter>
    </ClCompile>
    <ClCompile Include="..\..\..\source\quake2\quake2-3.21\game\g_phys.c">
      <Filter>Source Files\game</Filter>
    </ClCompile>
    <ClCompile Include="..\..\..\source\quake2\quake2-3.21\game\g_save.c">
      <Filter>Source Files\game</Filter>
    </ClCompile>
    <ClCompile Include="..\..\..\source\quake2\quake2-3.21\game\g_spawn.c">
      <Filter>Source Files\game</Filter>
    </ClCompile>
    <ClCompile Include="..\..\..\source\quake2\quake2-3.21\game\g_svcmds.c">
      <Filter>Source Files\game</Filter>
    </ClCompile>
    <ClCompile Include="..\..\..\source\quake2\quake2-3.21\game\g_target.c">
      <Filter>Source Files\game</Filter>
    </ClCompile>
    <ClCompile Include="..\..\..\source\quake2\quake2-3.21\game\g_trigger.c">
      <Filter>Source Files\game</Filter>
    </ClCompile>
    <ClCompile Include="..\..\..\source\quake2\quake2-3.21\game\g_turret.c">
      <Filter>Source Files\game</Filter>
    </ClCompile>
    <ClCompile Include="..\..\..\source\quake2\quake2-3.21\game\g_utils.c">
      <Filter>Source Files\game</Filter>
    </ClCompile>
    <ClCompile Include="..\..\..\source\quake2\quake2-3.21\game\g_weapon.c">
      <Filter>Source Files\game</Filter>
    </ClCompile>
    <ClCompile Include="..\..\..\source\quake2\quake2-3.21\game\m_actor.c">
      <Filter>Source Files\game</Filter>
    </ClCompile>
    <ClCompile Include="..\..\..\source\quake2\quake2-3.21\game\m_berserk.c">
      <Filter>Source Files\game</Filter>
    </ClCompile>
    <ClCompile Include="..\..\..\source\quake2\quake2-3.21\game\m_boss2.c">
      <Filter>Source Files\game</Filter>
    </ClCompile>
    <ClCompile Include="..\..\..\source\quake2\quake2-3.21\game\m_boss3.c">
      <Filter>Source Files\game</Filter>
    </ClCompile>
    <ClCompile Include="..\..\..\source\quake2\quake2-3.21\game\m_boss31.c">
      <Filter>Source Files\game</Filter>
    </ClCompile>
    <ClCompile Include="..\..\..\source\quake2\quake2-3.21\game\m_boss32.c">
      <Filter>Source Files\game</Filter>
    </ClCompile>
    <ClCompile Include="..\..\..\source\quake2\quake2-3.21\game\m_brain.c">
      <Filter>Source Files\game</Filter>
    </ClCompile>
    <ClCompile Include="..\..\..\source\quake2\quake2-3.21\game\m_chick.c">
      <Filter>Source Files\game</Filter>
    </ClCompile>
    <ClCompile Include="..\..\..\source\quake2\quake2-3.21\game\m_flash.c">
      <Filter>Source Files\game</Filter>
    </ClCompile>
    <ClCompile Include="..\..\..\source\quake2\quake2-3.21\game\m_flipper.c">
      <Filter>Source Files\game</Filter>
    </ClCompile>
    <ClCompile Include="..\..\..\source\quake2\quake2-3.21\game\m_float.c">
      <Filter>Source Files\game</Filter>
    </ClCompile>
    <ClCompile Include="..\..\..\source\quake2\quake2-3.21\game\m_flyer.c">
      <Filter>Source Files\game</Filter>
    </ClCompile>
    <ClCompile Include="..\..\..\source\quake2\quake2-3.21\game\m_gladiator.c">
      <Filter>Source Files\game</Filter>
    </ClCompile>
    <ClCompile Include="..\..\..\source\quake2\quake2-3.21\game\m_gunner.c">
      <Filter>Source Files\game</Filter>
    </ClCompile>
    <ClCompile Include="..\..\..\source\quake2\quake2-3.21\game\m_hover.c">
      <Filter>Source Files\game</Filter>
    </ClCompile>
    <ClCompile Include="..\..\..\source\quake2\quake2-3.21\game\m_infantry.c">
      <Filter>Source Files\game</Filter>
    </ClCompile>
    <ClCompile Include="..\..\..\source\quake2\quake2-3.21\game\m_insane.c">
      <Filter>Source Files\game</Filter>
    </ClCompile>
    <ClCompile Include="..\..\..\source\quake2\quake2-3.21\game\m_medic.c">
      <Filter>Source Files\game</Filter>
    </ClCompile>
    <ClCompile Include="..\..\..\source\quake2\quake2-3.21\game\m_move.c">
      <Filter>Source Files\game</Filter>
    </ClCompile>
    <ClCompile Include="..\..\..\source\quake2\quake2-3.21\game\m_mutant.c">
      <Filter>Source Files\game</Filter>
    </ClCompile>
    <ClCompile Include="..\..\..\source\quake2\quake2-3.21\game\m_parasite.c">
      <Filter>Source Files\game</Filter>
    </ClCompile>
    <ClCompile Include="..\..\..\source\quake2\quake2-3.21\game\m_soldier.c">
      <Filter>Source Files\game</Filter>
    </ClCompile>
    <ClCompile Include="..\..\..\source\quake2\quake2-3.21\game\m_supertank.c">
      <Filter>Source Files\game</Filter>
    </ClCompile>
    <ClCompile Include="..\..\..\source\quake2\quake2-3.21\game\m_tank.c">
      <Filter>Source Files\game</Filter>
    </ClCompile>
    <ClCompile Include="..\..\..\source\quake2\quake2-3.21\game\p_client.c">
      <Filter>Source Files\game</Filter>
    </ClCompile>
    <ClCompile Include="..\..\..\source\quake2\quake2-3.21\game\p_hud.c">
      <Filter>Source Files\game</Filter>
    </ClCompile>
    <ClCompile Include="..\..\..\source\quake2\quake2-3.21\game\p_trail.c">
      <Filter>Source Files\game</Filter>
    </ClCompile>
    <ClCompile Include="..\..\..\source\quake2\quake2-3.21\game\p_view.c">
      <Filter>Source Files\game</Filter>
    </ClCompile>
    <ClCompile Include="..\..\..\source\quake2\quake2-3.21\game\p_weapon.c">
      <Filter>Source Files\game</Filter>
    </ClCompile>
    <ClCompile Include="..\..\..\source\quake2\quake2-3.21\revol\vid_revol.c">
      <Filter>Source Files\revol</Filter>
    </ClCompile>
    <ClCompile Include="..\..\..\source\quake2\quake2-3.21\server\sv_ccmds.c">
      <Filter>Source Files\server</Filter>
    </ClCompile>
    <ClCompile Include="..\..\..\source\quake2\quake2-3.21\server\sv_ents.c">
      <Filter>Source Files\server</Filter>
    </ClCompile>
    <ClCompile Include="..\..\..\source\quake2\quake2-3.21\server\sv_game.c">
      <Filter>Source Files\server</Filter>
    </ClCompile>
    <ClCompile Include="..\..\..\source\quake2\quake2-3.21\server\sv_init.c">
      <Filter>Source Files\server</Filter>
    </ClCompile>
    <ClCompile Include="..\..\..\source\quake2\quake2-3.21\server\sv_main.c">
      <Filter>Source Files\server</Filter>
    </ClCompile>
    <ClCompile Include="..\..\..\source\quake2\quake2-3.21\server\sv_send.c">
      <Filter>Source Files\server</Filter>
    </ClCompile>
    <ClCompile Include="..\..\..\source\quake2\quake2-3.21\server\sv_user.c">
      <Filter>Source Files\server</Filter>
    </ClCompile>
    <ClCompile Include="..\..\..\source\quake2\quake2-3.21\server\sv_world.c">
      <Filter>Source Files\server</Filter>
    </ClCompile>
    <ClCompile Include="..\..\..\source\quake2\quake2-3.21\client\cl_cin.c">
      <Filter>Source Files\client</Filter>
    </ClCompile>
    <ClCompile Include="..\..\..\source\quake2\quake2-3.21\client\cl_ents.c">
      <Filter>Source Files\client</Filter>
    </ClCompile>
    <ClCompile Include="..\..\..\source\quake2\quake2-3.21\client\cl_fx.c">
      <Filter>Source Files\client</Filter>
    </ClCompile>
    <ClCompile Include="..\..\..\source\quake2\quake2-3.21\client\cl_input.c">
      <Filter>Source Files\client</Filter>
    </ClCompile>
    <ClCompile Include="..\..\..\source\quake2\quake2-3.21\client\cl_inv.c">
      <Filter>Source Files\client</Filter>
    </ClCompile>
    <ClCompile Include="..\..\..\source\quake2\quake2-3.21\client\cl_main.c">
      <Filter>Source Files\client</Filter>
    </ClCompile>
    <ClCompile Include="..\..\..\source\quake2\quake2-3.21\client\cl_newfx.c">
      <Filter>Source Files\client</Filter>
    </ClCompile>
    <ClCompile Include="..\..\..\source\quake2\quake2-3.21\client\cl_parse.c">
      <Filter>Source Files\client</Filter>
    </ClCompile>
    <ClCompile Include="..\..\..\source\quake2\quake2-3.21\client\cl_pred.c">
      <Filter>Source Files\client</Filter>
    </ClCompile>
    <ClCompile Include="..\..\..\source\quake2\quake2-3.21\client\cl_scrn.c">
      <Filter>Source Files\client</Filter>
    </ClCompile>
    <ClCompile Include="..\..\..\source\quake2\quake2-3.21\client\cl_tent.c">
      <Filter>Source Files\client</Filter>
    </ClCompile>
    <ClCompile Include="..\..\..\source\quake2\quake2-3.21\client\cl_view.c">
      <Filter>Source Files\client</Filter>
    </ClCompile>
    <ClCompile Include="..\..\..\source\quake2\quake2-3.21\client\console.c">
      <Filter>Source Files\client</Filter>
    </ClCompile>
    <ClCompile Include="..\..\..\source\quake2\quake2-3.21\client\keys.c">
      <Filter>Source Files\client</Filter>
    </ClCompile>
    <ClCompile Include="..\..\..\source\quake2\quake2-3.21\client\menu.c">
      <Filter>Source Files\client</Filter>
    </ClCompile>
    <ClCompile Include="..\..\..\source\quake2\quake2-3.21\client\qmenu.c">
      <Filter>Source Files\client</Filter>
    </ClCompile>
    <ClCompile Include="..\..\..\source\quake2\quake2-3.21\client\snd_dma.c">
      <Filter>Source Files\client</Filter>
    </ClCompile>
    <ClCompile Include="..\..\..\source\quake2\quake2-3.21\client\snd_mem.c">
      <Filter>Source Files\client</Filter>
    </ClCompile>
    <ClCompile Include="..\..\..\source\quake2\quake2-3.21\client\snd_mix.c">
      <Filter>Source Files\client</Filter>
    </ClCompile>
    <ClCompile Include="..\..\..\source\quake2\quake2-3.21\client\x86.c">
      <Filter>Source Files\client</Filter>
    </ClCompile>
    <ClCompile Include="..\..\..\source\oggplayer\source\oggplayer.c">
      <Filter>Source Files\oggplayer</Filter>
    </ClCompile>
    <ClCompile Include="..\..\..\source\quake2\quake2-3.21\ref_gx\glrevol.c">
      <Filter>Source Files\ref_gx</Filter>
    </ClCompile>
    <ClCompile Include="..\..\..\source\quake2\quake2-3.21\ref_gx\gx_draw.c">
      <Filter>Source Files\ref_gx</Filter>
    </ClCompile>
    <ClCompile Include="..\..\..\source\quake2\quake2-3.21\ref_gx\gx_image.c">
      <Filter>Source Files\ref_gx</Filter>
    </ClCompile>
    <ClCompile Include="..\..\..\source\quake2\quake2-3.21\ref_gx\gx_light.c">
      <Filter>Source Files\ref_gx</Filter>
    </ClCompile>
    <ClCompile Include="..\..\..\source\quake2\quake2-3.21\ref_gx\gx_mesh.c">
      <Filter>Source Files\ref_gx</Filter>
    </ClCompile>
    <ClCompile Include="..\..\..\source\quake2\quake2-3.21\ref_gx\gx_model.c">
      <Filter>Source Files\ref_gx</Filter>
    </ClCompile>
    <ClCompile Include="..\..\..\source\quake2\quake2-3.21\ref_gx\gx_rmain.c">
      <Filter>Source Files\ref_gx</Filter>
    </ClCompile>
    <ClCompile Include="..\..\..\source\quake2\quake2-3.21\ref_gx\gx_rmisc.c">
      <Filter>Source Files\ref_gx</Filter>
    </ClCompile>
    <ClCompile Include="..\..\..\source\quake2\quake2-3.21\ref_gx\gx_rsurf.c">
      <Filter>Source Files\ref_gx</Filter>
    </ClCompile>
    <ClCompile Include="..\..\..\source\quake2\quake2-3.21\ref_gx\gx_warp.c">
      <Filter>Source Files\ref_gx</Filter>
    </ClCompile>
    <ClCompile Include="..\..\..\source\gxutils\source\gxutils.c">
      <Filter>Source Files\gxutils</Filter>
    </ClCompile>
  </ItemGroup>
  <ItemGroup>
    <ClInclude Include="..\..\..\source\oskrevol\include\osk_revol.h">
      <Filter>Header Files\oskrevol</Filter>
    </ClInclude>
    <ClInclude Include="..\..\..\source\quake2\quake2-3.21\game\game.h">
      <Filter>Header Files\game</Filter>
    </ClInclude>
    <ClInclude Include="..\..\..\source\quake2\quake2-3.21\game\g_local.h">
      <Filter>Header Files\game</Filter>
    </ClInclude>
    <ClInclude Include="..\..\..\source\quake2\quake2-3.21\game\m_actor.h">
      <Filter>Header Files\game</Filter>
    </ClInclude>
    <ClInclude Include="..\..\..\source\quake2\quake2-3.21\game\m_berserk.h">
      <Filter>Header Files\game</Filter>
    </ClInclude>
    <ClInclude Include="..\..\..\source\quake2\quake2-3.21\game\m_boss2.h">
      <Filter>Header Files\game</Filter>
    </ClInclude>
    <ClInclude Include="..\..\..\source\quake2\quake2-3.21\game\m_boss31.h">
      <Filter>Header Files\game</Filter>
    </ClInclude>
    <ClInclude Include="..\..\..\source\quake2\quake2-3.21\game\m_boss32.h">
      <Filter>Header Files\game</Filter>
    </ClInclude>
    <ClInclude Include="..\..\..\source\quake2\quake2-3.21\game\m_brain.h">
      <Filter>Header Files\game</Filter>
    </ClInclude>
    <ClInclude Include="..\..\..\source\quake2\quake2-3.21\game\m_chick.h">
      <Filter>Header Files\game</Filter>
    </ClInclude>
    <ClInclude Include="..\..\..\source\quake2\quake2-3.21\game\m_flipper.h">
      <Filter>Header Files\game</Filter>
    </ClInclude>
    <ClInclude Include="..\..\..\source\quake2\quake2-3.21\game\m_float.h">
      <Filter>Header Files\game</Filter>
    </ClInclude>
    <ClInclude Include="..\..\..\source\quake2\quake2-3.21\game\m_flyer.h">
      <Filter>Header Files\game</Filter>
    </ClInclude>
    <ClInclude Include="..\..\..\source\quake2\quake2-3.21\game\m_gladiator.h">
      <Filter>Header Files\game</Filter>
    </ClInclude>
    <ClInclude Include="..\..\..\source\quake2\quake2-3.21\game\m_gunner.h">
      <Filter>Header Files\game</Filter>
    </ClInclude>
    <ClInclude Include="..\..\..\source\quake2\quake2-3.21\game\m_hover.h">
      <Filter>Header Files\game</Filter>
    </ClInclude>
    <ClInclude Include="..\..\..\source\quake2\quake2-3.21\game\m_infantry.h">
      <Filter>Header Files\game</Filter>
    </ClInclude>
    <ClInclude Include="..\..\..\source\quake2\quake2-3.21\game\m_insane.h">
      <Filter>Header Files\game</Filter>
    </ClInclude>
    <ClInclude Include="..\..\..\source\quake2\quake2-3.21\game\m_medic.h">
      <Filter>Header Files\game</Filter>
    </ClInclude>
    <ClInclude Include="..\..\..\source\quake2\quake2-3.21\game\m_mutant.h">
      <Filter>Header Files\game</Filter>
    </ClInclude>
    <ClInclude Include="..\..\..\source\quake2\quake2-3.21\game\m_parasite.h">
      <Filter>Header Files\game</Filter>
    </ClInclude>
    <ClInclude Include="..\..\..\source\quake2\quake2-3.21\game\m_player.h">
      <Filter>Header Files\game</Filter>
    </ClInclude>
    <ClInclude Include="..\..\..\source\quake2\quake2-3.21\game\m_rider.h">
      <Filter>Header Files\game</Filter>
    </ClInclude>
    <ClInclude Include="..\..\..\source\quake2\quake2-3.21\game\m_soldier.h">
      <Filter>Header Files\game</Filter>
    </ClInclude>
    <ClInclude Include="..\..\..\source\quake2\quake2-3.21\game\m_supertank.h">
      <Filter>Header Files\game</Filter>
    </ClInclude>
    <ClInclude Include="..\..\..\source\quake2\quake2-3.21\game\m_tank.h">
      <Filter>Header Files\game</Filter>
    </ClInclude>
    <ClInclude Include="..\..\..\source\quake2\quake2-3.21\game\q_shared.h">
      <Filter>Header Files\game</Filter>
    </ClInclude>
    <ClInclude Include="..\..\..\source\quake2\quake2-3.21\qcommon\crc.h">
      <Filter>Header Files\qcommon</Filter>
    </ClInclude>
    <ClInclude Include="..\..\..\source\quake2\quake2-3.21\qcommon\qcommon.h">
      <Filter>Header Files\qcommon</Filter>
    </ClInclude>
    <ClInclude Include="..\..\..\source\quake2\quake2-3.21\qcommon\qfiles.h">
      <Filter>Header Files\qcommon</Filter>
    </ClInclude>
    <ClInclude Include="..\..\..\source\quake2\quake2-3.21\server\server.h">
      <Filter>Header Files\server</Filter>
    </ClInclude>
    <ClInclude Include="..\..\..\source\quake2\quake2-3.21\client\adivtab.h">
      <Filter>Header Files\client</Filter>
    </ClInclude>
    <ClInclude Include="..\..\..\source\quake2\quake2-3.21\client\anorms.h">
      <Filter>Header Files\client</Filter>
    </ClInclude>
    <ClInclude Include="..\..\..\source\quake2\quake2-3.21\client\asm_i386.h">
      <Filter>Header Files\client</Filter>
    </ClInclude>
    <ClInclude Include="..\..\..\source\quake2\quake2-3.21\client\block16.h">
      <Filter>Header Files\client</Filter>
    </ClInclude>
    <ClInclude Include="..\..\..\source\quake2\quake2-3.21\client\block8.h">
      <Filter>Header Files\client</Filter>
    </ClInclude>
    <ClInclude Include="..\..\..\source\quake2\quake2-3.21\client\cdaudio.h">
      <Filter>Header Files\client</Filter>
    </ClInclude>
    <ClInclude Include="..\..\..\source\quake2\quake2-3.21\client\client.h">
      <Filter>Header Files\client</Filter>
    </ClInclude>
    <ClInclude Include="..\..\..\source\quake2\quake2-3.21\client\console.h">
      <Filter>Header Files\client</Filter>
    </ClInclude>
    <ClInclude Include="..\..\..\source\quake2\quake2-3.21\client\input.h">
      <Filter>Header Files\client</Filter>
    </ClInclude>
    <ClInclude Include="..\..\..\source\quake2\quake2-3.21\client\keys.h">
      <Filter>Header Files\client</Filter>
    </ClInclude>
    <ClInclude Include="..\..\..\source\quake2\quake2-3.21\client\qmenu.h">
      <Filter>Header Files\client</Filter>
    </ClInclude>
    <ClInclude Include="..\..\..\source\quake2\quake2-3.21\client\ref.h">
      <Filter>Header Files\client</Filter>
    </ClInclude>
    <ClInclude Include="..\..\..\source\quake2\quake2-3.21\client\screen.h">
      <Filter>Header Files\client</Filter>
    </ClInclude>
    <ClInclude Include="..\..\..\source\quake2\quake2-3.21\client\snd_loc.h">
      <Filter>Header Files\client</Filter>
    </ClInclude>
    <ClInclude Include="..\..\..\source\quake2\quake2-3.21\client\sound.h">
      <Filter>Header Files\client</Filter>
    </ClInclude>
    <ClInclude Include="..\..\..\source\quake2\quake2-3.21\client\vid.h">
      <Filter>Header Files\client</Filter>
    </ClInclude>
    <ClInclude Include="..\..\..\source\oggplayer\include\oggplayer.h">
      <Filter>Header Files\oggplayer</Filter>
    </ClInclude>
    <ClInclude Include="..\..\..\source\quake2\quake2-3.21\ref_gx\anorms.h">
      <Filter>Header Files\ref_gx</Filter>
    </ClInclude>
    <ClInclude Include="..\..\..\source\quake2\quake2-3.21\ref_gx\anormtab.h">
      <Filter>Header Files\ref_gx</Filter>
    </ClInclude>
    <ClInclude Include="..\..\..\source\quake2\quake2-3.21\ref_gx\warpsin.h">
      <Filter>Header Files\ref_gx</Filter>
    </ClInclude>
    <ClInclude Include="..\..\..\source\quake2\quake2-3.21\ref_gx\GL\gl.h">
      <Filter>Header Files\ref_gx\GL</Filter>
    </ClInclude>
    <ClInclude Include="..\..\..\source\quake2\quake2-3.21\ref_gx\GL\glu.h">
      <Filter>Header Files\ref_gx\GL</Filter>
    </ClInclude>
    <ClInclude Include="..\..\..\source\quake2\quake2-3.21\ref_gx\gx_local.h">
      <Filter>Header Files\ref_gx</Filter>
    </ClInclude>
    <ClInclude Include="..\..\..\source\quake2\quake2-3.21\ref_gx\qgx.h">
      <Filter>Header Files\ref_gx</Filter>
    </ClInclude>
    <ClInclude Include="..\..\..\source\quake2\quake2-3.21\ref_gx\gx_model.h">
      <Filter>Header Files\ref_gx</Filter>
    </ClInclude>
    <ClInclude Include="..\..\..\source\gxutils\include\gxutils.h">
      <Filter>Header Files\gxutils</Filter>
    </ClInclude>
  </ItemGroup>
  <ItemGroup>
    <None Include="Makefile" />
  </ItemGroup>
</Project>